
Microsoft Visual Studio Solution File, Format Version 12.00
# Visual Studio Version 16
VisualStudioVersion = 16.0.30413.136
MinimumVisualStudioVersion = 10.0.40219.1
Project("{8BC9CEB8-8B4A-11D0-8D11-00A0C91BC942}") = "RP_Samuel_Mintal", "RP_Samuel_Mintal\RP_Samuel_Mintal.vcxproj", "{66F34337-FC9D-49A3-9742-DFA996B22669}"
EndProject
Global
	GlobalSection(SolutionConfigurationPlatforms) = preSolution
		Debug|x64 = Debug|x64
		Debug|x86 = Debug|x86
		Release|x64 = Release|x64
		Release|x86 = Release|x86
	EndGlobalSection
	GlobalSection(ProjectConfigurationPlatforms) = postSolution
		{66F34337-FC9D-49A3-9742-DFA996B22669}.Debug|x64.ActiveCfg = Debug|x64
		{66F34337-FC9D-49A3-9742-DFA996B22669}.Debug|x64.Build.0 = Debug|x64
		{66F34337-FC9D-49A3-9742-DFA996B22669}.Debug|x86.ActiveCfg = Debug|Win32
		{66F34337-FC9D-49A3-9742-DFA996B22669}.Debug|x86.Build.0 = Debug|Win32
		{66F34337-FC9D-49A3-9742-DFA996B22669}.Release|x64.ActiveCfg = Release|x64
		{66F34337-FC9D-49A3-9742-DFA996B22669}.Release|x64.Build.0 = Release|x64
		{66F34337-FC9D-49A3-9742-DFA996B22669}.Release|x86.ActiveCfg = Release|Win32
		{66F34337-FC9D-49A3-9742-DFA996B22669}.Release|x86.Build.0 = Release|Win32
	EndGlobalSection
	GlobalSection(SolutionProperties) = preSolution
		HideSolutionNode = FALSE
	EndGlobalSection
	GlobalSection(ExtensibilityGlobals) = postSolution
		SolutionGuid = {1B30F77E-13C5-4BED-8130-C2B238C80D49}
	EndGlobalSection
EndGlobal
